
Microsoft Visual Studio Solution File, Format Version 12.00
# Visual Studio Version 16
VisualStudioVersion = 16.0.31424.327
MinimumVisualStudioVersion = 10.0.40219.1
Project("{FAE04EC0-301F-11D3-BF4B-00C04F79EFBC}") = "Programming2Class1Task6", "Programming2Class1Task6.csproj", "{924D4339-C2CD-4A32-86F6-3F77F599FADE}"
EndProject
Global
	GlobalSection(SolutionConfigurationPlatforms) = preSolution
		Debug|Any CPU = Debug|Any CPU
		Release|Any CPU = Release|Any CPU
	EndGlobalSection
	GlobalSection(ProjectConfigurationPlatforms) = postSolution
		{924D4339-C2CD-4A32-86F6-3F77F599FADE}.Debug|Any CPU.ActiveCfg = Debug|Any CPU
		{924D4339-C2CD-4A32-86F6-3F77F599FADE}.Debug|Any CPU.Build.0 = Debug|Any CPU
		{924D4339-C2CD-4A32-86F6-3F77F599FADE}.Release|Any CPU.ActiveCfg = Release|Any CPU
		{924D4339-C2CD-4A32-86F6-3F77F599FADE}.Release|Any CPU.Build.0 = Release|Any CPU
	EndGlobalSection
	GlobalSection(SolutionProperties) = preSolution
		HideSolutionNode = FALSE
	EndGlobalSection
	GlobalSection(ExtensibilityGlobals) = postSolution
		SolutionGuid = {537C7E28-4A76-4C2E-B104-CF357EEC0B71}
	EndGlobalSection
EndGlobal
