
Microsoft Visual Studio Solution File, Format Version 12.00
# Visual Studio Version 16
VisualStudioVersion = 16.0.31424.327
MinimumVisualStudioVersion = 10.0.40219.1
Project("{FAE04EC0-301F-11D3-BF4B-00C04F79EFBC}") = "Programming2Class1Task7", "Programming2Class1Task7.csproj", "{991B34B9-07B6-4428-9B4C-6986F8E9A0F9}"
EndProject
Global
	GlobalSection(SolutionConfigurationPlatforms) = preSolution
		Debug|Any CPU = Debug|Any CPU
		Release|Any CPU = Release|Any CPU
	EndGlobalSection
	GlobalSection(ProjectConfigurationPlatforms) = postSolution
		{991B34B9-07B6-4428-9B4C-6986F8E9A0F9}.Debug|Any CPU.ActiveCfg = Debug|Any CPU
		{991B34B9-07B6-4428-9B4C-6986F8E9A0F9}.Debug|Any CPU.Build.0 = Debug|Any CPU
		{991B34B9-07B6-4428-9B4C-6986F8E9A0F9}.Release|Any CPU.ActiveCfg = Release|Any CPU
		{991B34B9-07B6-4428-9B4C-6986F8E9A0F9}.Release|Any CPU.Build.0 = Release|Any CPU
	EndGlobalSection
	GlobalSection(SolutionProperties) = preSolution
		HideSolutionNode = FALSE
	EndGlobalSection
	GlobalSection(ExtensibilityGlobals) = postSolution
		SolutionGuid = {EAE5B35D-C45C-474C-B113-0F8A6845FA65}
	EndGlobalSection
EndGlobal
